Microsoft Visual Studio Solution File, Format Version 12.00
# Visual Studio Version 17
VisualStudioVersion = 17.5.2.0
MinimumVisualStudioVersion = 10.0.40219.1
Project("{FAE04EC0-301F-11D3-BF4B-00C04F79EFBC}") = "StrmIntros", "StrmIntros.csproj", "{228D7282-F282-BD86-AE15-7ABE7B74B097}"
EndProject
Global
	GlobalSection(SolutionConfigurationPlatforms) = preSolution
		Debug|Any CPU = Debug|Any CPU
		Release|Any CPU = Release|Any CPU
	EndGlobalSection
	GlobalSection(ProjectConfigurationPlatforms) = postSolution
		{228D7282-F282-BD86-AE15-7ABE7B74B097}.Debug|Any CPU.ActiveCfg = Debug|Any CPU
		{228D7282-F282-BD86-AE15-7ABE7B74B097}.Debug|Any CPU.Build.0 = Debug|Any CPU
		{228D7282-F282-BD86-AE15-7ABE7B74B097}.Release|Any CPU.ActiveCfg = Release|Any CPU
		{228D7282-F282-BD86-AE15-7ABE7B74B097}.Release|Any CPU.Build.0 = Release|Any CPU
	EndGlobalSection
	GlobalSection(SolutionProperties) = preSolution
		HideSolutionNode = FALSE
	EndGlobalSection
	GlobalSection(ExtensibilityGlobals) = postSolution
		SolutionGuid = {C72AF21C-A40B-4F35-99BB-FB286525413B}
	EndGlobalSection
EndGlobal
